
Microsoft Visual Studio Solution File, Format Version 12.00
# Visual Studio Version 17
VisualStudioVersion = 17.14.36616.10
MinimumVisualStudioVersion = 10.0.40219.1
Project("{FAE04EC0-301F-11D3-BF4B-00C04F79EFBC}") = "Sat242516008", "Sat242516008\Sat242516008.csproj", "{0E0694E8-62D6-415D-B5BC-195FC71C2ECD}"
EndProject
Global
	GlobalSection(SolutionConfigurationPlatforms) = preSolution
		Debug|Any CPU = Debug|Any CPU
		Release|Any CPU = Release|Any CPU
	EndGlobalSection
	GlobalSection(ProjectConfigurationPlatforms) = postSolution
		{0E0694E8-62D6-415D-B5BC-195FC71C2ECD}.Debug|Any CPU.ActiveCfg = Debug|Any CPU
		{0E0694E8-62D6-415D-B5BC-195FC71C2ECD}.Debug|Any CPU.Build.0 = Debug|Any CPU
		{0E0694E8-62D6-415D-B5BC-195FC71C2ECD}.Release|Any CPU.ActiveCfg = Release|Any CPU
		{0E0694E8-62D6-415D-B5BC-195FC71C2ECD}.Release|Any CPU.Build.0 = Release|Any CPU
	EndGlobalSection
	GlobalSection(SolutionProperties) = preSolution
		HideSolutionNode = FALSE
	EndGlobalSection
	GlobalSection(ExtensibilityGlobals) = postSolution
		SolutionGuid = {43A45C1D-7F73-4796-B664-A6C6239B58C0}
	EndGlobalSection
EndGlobal
